# Generated by pub
# See https://dart.dev/tools/pub/glossary#lockfile
packages:
  adaptivex:
    dependency: "direct main"
    description:
      name: adaptivex
<<<<<<< HEAD
      url: "https://pub.dartlang.org"
    source: hosted
    version: "0.0.1+6"
  animated_card:
    dependency: "direct main"
    description:
      name: animated_card
      url: "https://pub.dartlang.org"
    source: hosted
    version: "2.0.0"
  animated_flip_card:
    dependency: "direct main"
    description:
      name: animated_flip_card
      url: "https://pub.dartlang.org"
    source: hosted
    version: "1.0.2"
  animated_splash_screen:
    dependency: "direct main"
    description:
      name: animated_splash_screen
      url: "https://pub.dartlang.org"
    source: hosted
    version: "1.3.0"
=======
      sha256: "3bcf399c6e639e9f065c8502cfdaec1b25fa79f77a8f27e14819e36e85b7075d"
      url: "https://pub.dev"
    source: hosted
    version: "0.0.1+6"
>>>>>>> de63020cf17c5461bcacb016b0930b6d85cc7ab8
  ansicolor:
    dependency: transitive
    description:
      name: ansicolor
<<<<<<< HEAD
      url: "https://pub.dartlang.org"
=======
      sha256: "607f8fa9786f392043f169898923e6c59b4518242b68b8862eb8a8b7d9c30b4a"
      url: "https://pub.dev"
>>>>>>> de63020cf17c5461bcacb016b0930b6d85cc7ab8
    source: hosted
    version: "2.0.1"
  async:
    dependency: transitive
    description:
      name: async
<<<<<<< HEAD
      url: "https://pub.dartlang.org"
    source: hosted
    version: "2.9.0"
=======
      sha256: bfe67ef28df125b7dddcea62755991f807aa39a2492a23e1550161692950bbe0
      url: "https://pub.dev"
    source: hosted
    version: "2.10.0"
>>>>>>> de63020cf17c5461bcacb016b0930b6d85cc7ab8
  boolean_selector:
    dependency: transitive
    description:
      name: boolean_selector
<<<<<<< HEAD
      url: "https://pub.dartlang.org"
    source: hosted
    version: "2.1.0"
=======
      sha256: "6cfb5af12253eaf2b368f07bacc5a80d1301a071c73360d746b7f2e32d762c66"
      url: "https://pub.dev"
    source: hosted
    version: "2.1.1"
>>>>>>> de63020cf17c5461bcacb016b0930b6d85cc7ab8
  characters:
    dependency: transitive
    description:
      name: characters
<<<<<<< HEAD
      url: "https://pub.dartlang.org"
=======
      sha256: e6a326c8af69605aec75ed6c187d06b349707a27fbff8222ca9cc2cff167975c
      url: "https://pub.dev"
>>>>>>> de63020cf17c5461bcacb016b0930b6d85cc7ab8
    source: hosted
    version: "1.2.1"
  clock:
    dependency: transitive
    description:
      name: clock
<<<<<<< HEAD
      url: "https://pub.dartlang.org"
=======
      sha256: cb6d7f03e1de671e34607e909a7213e31d7752be4fb66a86d29fe1eb14bfb5cf
      url: "https://pub.dev"
>>>>>>> de63020cf17c5461bcacb016b0930b6d85cc7ab8
    source: hosted
    version: "1.1.1"
  collection:
    dependency: transitive
    description:
      name: collection
<<<<<<< HEAD
      url: "https://pub.dartlang.org"
    source: hosted
    version: "1.16.0"
  cross_file:
    dependency: transitive
    description:
      name: cross_file
      url: "https://pub.dartlang.org"
    source: hosted
    version: "0.3.3+4"
=======
      sha256: cfc915e6923fe5ce6e153b0723c753045de46de1b4d63771530504004a45fae0
      url: "https://pub.dev"
    source: hosted
    version: "1.17.0"
>>>>>>> de63020cf17c5461bcacb016b0930b6d85cc7ab8
  cupertino_icons:
    dependency: "direct main"
    description:
      name: cupertino_icons
<<<<<<< HEAD
      url: "https://pub.dartlang.org"
    source: hosted
    version: "1.0.5"
  dotted_decoration:
    dependency: "direct main"
    description:
      name: dotted_decoration
      url: "https://pub.dartlang.org"
    source: hosted
    version: "2.0.0"
=======
      sha256: e35129dc44c9118cee2a5603506d823bab99c68393879edb440e0090d07586be
      url: "https://pub.dev"
    source: hosted
    version: "1.0.5"
>>>>>>> de63020cf17c5461bcacb016b0930b6d85cc7ab8
  email_validator:
    dependency: "direct main"
    description:
      name: email_validator
<<<<<<< HEAD
      url: "https://pub.dartlang.org"
=======
      sha256: e9a90f27ab2b915a27d7f9c2a7ddda5dd752d6942616ee83529b686fc086221b
      url: "https://pub.dev"
>>>>>>> de63020cf17c5461bcacb016b0930b6d85cc7ab8
    source: hosted
    version: "2.1.17"
  fake_async:
    dependency: transitive
    description:
      name: fake_async
<<<<<<< HEAD
      url: "https://pub.dartlang.org"
=======
      sha256: "511392330127add0b769b75a987850d136345d9227c6b94c96a04cf4a391bf78"
      url: "https://pub.dev"
>>>>>>> de63020cf17c5461bcacb016b0930b6d85cc7ab8
    source: hosted
    version: "1.3.1"
  ffi:
    dependency: transitive
    description:
      name: ffi
<<<<<<< HEAD
      url: "https://pub.dartlang.org"
    source: hosted
    version: "2.0.2"
=======
      sha256: a38574032c5f1dd06c4aee541789906c12ccaab8ba01446e800d9c5b79c4a978
      url: "https://pub.dev"
    source: hosted
    version: "2.0.1"
>>>>>>> de63020cf17c5461bcacb016b0930b6d85cc7ab8
  file:
    dependency: transitive
    description:
      name: file
<<<<<<< HEAD
      url: "https://pub.dartlang.org"
=======
      sha256: "1b92bec4fc2a72f59a8e15af5f52cd441e4a7860b49499d69dfa817af20e925d"
      url: "https://pub.dev"
>>>>>>> de63020cf17c5461bcacb016b0930b6d85cc7ab8
    source: hosted
    version: "6.1.4"
  file_picker:
    dependency: "direct main"
    description:
      name: file_picker
<<<<<<< HEAD
      url: "https://pub.dartlang.org"
    source: hosted
    version: "5.3.1"
  file_selector_linux:
    dependency: transitive
    description:
      name: file_selector_linux
      url: "https://pub.dartlang.org"
    source: hosted
    version: "0.9.2"
  file_selector_macos:
    dependency: transitive
    description:
      name: file_selector_macos
      url: "https://pub.dartlang.org"
    source: hosted
    version: "0.9.3+1"
  file_selector_platform_interface:
    dependency: transitive
    description:
      name: file_selector_platform_interface
      url: "https://pub.dartlang.org"
    source: hosted
    version: "2.6.0"
  file_selector_windows:
    dependency: transitive
    description:
      name: file_selector_windows
      url: "https://pub.dartlang.org"
    source: hosted
    version: "0.9.3"
=======
      sha256: d090ae03df98b0247b82e5928f44d1b959867049d18d73635e2e0bc3f49542b9
      url: "https://pub.dev"
    source: hosted
    version: "5.2.5"
>>>>>>> de63020cf17c5461bcacb016b0930b6d85cc7ab8
  flutter:
    dependency: "direct main"
    description: flutter
    source: sdk
    version: "0.0.0"
<<<<<<< HEAD
  flutter_flip_card:
    dependency: "direct main"
    description:
      name: flutter_flip_card
      url: "https://pub.dartlang.org"
    source: hosted
    version: "0.0.6"
=======
>>>>>>> de63020cf17c5461bcacb016b0930b6d85cc7ab8
  flutter_lints:
    dependency: "direct dev"
    description:
      name: flutter_lints
<<<<<<< HEAD
      url: "https://pub.dartlang.org"
    source: hosted
    version: "2.0.2"
=======
      sha256: aeb0b80a8b3709709c9cc496cdc027c5b3216796bc0af0ce1007eaf24464fd4c
      url: "https://pub.dev"
    source: hosted
    version: "2.0.1"
>>>>>>> de63020cf17c5461bcacb016b0930b6d85cc7ab8
  flutter_plugin_android_lifecycle:
    dependency: transitive
    description:
      name: flutter_plugin_android_lifecycle
<<<<<<< HEAD
      url: "https://pub.dartlang.org"
    source: hosted
    version: "2.0.15"
=======
      sha256: "60fc7b78455b94e6de2333d2f95196d32cf5c22f4b0b0520a628804cb463503b"
      url: "https://pub.dev"
    source: hosted
    version: "2.0.7"
>>>>>>> de63020cf17c5461bcacb016b0930b6d85cc7ab8
  flutter_test:
    dependency: "direct dev"
    description: flutter
    source: sdk
    version: "0.0.0"
  flutter_web_plugins:
    dependency: transitive
    description: flutter
    source: sdk
    version: "0.0.0"
<<<<<<< HEAD
  flutter_webview_plugin:
    dependency: "direct main"
    description:
      name: flutter_webview_plugin
      url: "https://pub.dartlang.org"
    source: hosted
    version: "0.4.0"
=======
>>>>>>> de63020cf17c5461bcacb016b0930b6d85cc7ab8
  font_awesome_flutter:
    dependency: "direct main"
    description:
      name: font_awesome_flutter
<<<<<<< HEAD
      url: "https://pub.dartlang.org"
    source: hosted
    version: "10.4.0"
=======
      sha256: "875dbb9ec1ad30d68102019ceb682760d06c72747c1c5b7885781b95f88569cc"
      url: "https://pub.dev"
    source: hosted
    version: "10.3.0"
>>>>>>> de63020cf17c5461bcacb016b0930b6d85cc7ab8
  http:
    dependency: "direct main"
    description:
      name: http
<<<<<<< HEAD
      url: "https://pub.dartlang.org"
=======
      sha256: "6aa2946395183537c8b880962d935877325d6a09a2867c3970c05c0fed6ac482"
      url: "https://pub.dev"
>>>>>>> de63020cf17c5461bcacb016b0930b6d85cc7ab8
    source: hosted
    version: "0.13.5"
  http_parser:
    dependency: transitive
    description:
      name: http_parser
<<<<<<< HEAD
      url: "https://pub.dartlang.org"
    source: hosted
    version: "4.0.2"
  image_picker:
    dependency: "direct main"
    description:
      name: image_picker
      url: "https://pub.dartlang.org"
    source: hosted
    version: "0.8.9"
  image_picker_android:
    dependency: transitive
    description:
      name: image_picker_android
      url: "https://pub.dartlang.org"
    source: hosted
    version: "0.8.7+4"
  image_picker_for_web:
    dependency: transitive
    description:
      name: image_picker_for_web
      url: "https://pub.dartlang.org"
    source: hosted
    version: "2.2.0"
  image_picker_ios:
    dependency: transitive
    description:
      name: image_picker_ios
      url: "https://pub.dartlang.org"
    source: hosted
    version: "0.8.8"
  image_picker_linux:
    dependency: transitive
    description:
      name: image_picker_linux
      url: "https://pub.dartlang.org"
    source: hosted
    version: "0.2.1"
  image_picker_macos:
    dependency: transitive
    description:
      name: image_picker_macos
      url: "https://pub.dartlang.org"
    source: hosted
    version: "0.2.1"
  image_picker_platform_interface:
    dependency: transitive
    description:
      name: image_picker_platform_interface
      url: "https://pub.dartlang.org"
    source: hosted
    version: "2.9.0"
  image_picker_windows:
    dependency: transitive
    description:
      name: image_picker_windows
      url: "https://pub.dartlang.org"
    source: hosted
    version: "0.2.1"
=======
      sha256: "2aa08ce0341cc9b354a498388e30986515406668dbcc4f7c950c3e715496693b"
      url: "https://pub.dev"
    source: hosted
    version: "4.0.2"
>>>>>>> de63020cf17c5461bcacb016b0930b6d85cc7ab8
  intl:
    dependency: "direct main"
    description:
      name: intl
<<<<<<< HEAD
      url: "https://pub.dartlang.org"
    source: hosted
    version: "0.18.1"
=======
      sha256: a3715e3bc90294e971cb7dc063fbf3cd9ee0ebf8604ffeafabd9e6f16abbdbe6
      url: "https://pub.dev"
    source: hosted
    version: "0.18.0"
>>>>>>> de63020cf17c5461bcacb016b0930b6d85cc7ab8
  js:
    dependency: transitive
    description:
      name: js
<<<<<<< HEAD
      url: "https://pub.dartlang.org"
    source: hosted
    version: "0.6.4"
=======
      sha256: "5528c2f391ededb7775ec1daa69e65a2d61276f7552de2b5f7b8d34ee9fd4ab7"
      url: "https://pub.dev"
    source: hosted
    version: "0.6.5"
>>>>>>> de63020cf17c5461bcacb016b0930b6d85cc7ab8
  lints:
    dependency: transitive
    description:
      name: lints
<<<<<<< HEAD
      url: "https://pub.dartlang.org"
=======
      sha256: "5e4a9cd06d447758280a8ac2405101e0e2094d2a1dbdd3756aec3fe7775ba593"
      url: "https://pub.dev"
>>>>>>> de63020cf17c5461bcacb016b0930b6d85cc7ab8
    source: hosted
    version: "2.0.1"
  matcher:
    dependency: transitive
    description:
      name: matcher
<<<<<<< HEAD
      url: "https://pub.dartlang.org"
    source: hosted
    version: "0.12.12"
=======
      sha256: "16db949ceee371e9b99d22f88fa3a73c4e59fd0afed0bd25fc336eb76c198b72"
      url: "https://pub.dev"
    source: hosted
    version: "0.12.13"
>>>>>>> de63020cf17c5461bcacb016b0930b6d85cc7ab8
  material_color_utilities:
    dependency: transitive
    description:
      name: material_color_utilities
<<<<<<< HEAD
      url: "https://pub.dartlang.org"
    source: hosted
    version: "0.1.5"
=======
      sha256: d92141dc6fe1dad30722f9aa826c7fbc896d021d792f80678280601aff8cf724
      url: "https://pub.dev"
    source: hosted
    version: "0.2.0"
>>>>>>> de63020cf17c5461bcacb016b0930b6d85cc7ab8
  meta:
    dependency: transitive
    description:
      name: meta
<<<<<<< HEAD
      url: "https://pub.dartlang.org"
    source: hosted
    version: "1.8.0"
  mime:
    dependency: transitive
    description:
      name: mime
      url: "https://pub.dartlang.org"
    source: hosted
    version: "1.0.4"
=======
      sha256: "6c268b42ed578a53088d834796959e4a1814b5e9e164f147f580a386e5decf42"
      url: "https://pub.dev"
    source: hosted
    version: "1.8.0"
>>>>>>> de63020cf17c5461bcacb016b0930b6d85cc7ab8
  nested:
    dependency: transitive
    description:
      name: nested
<<<<<<< HEAD
      url: "https://pub.dartlang.org"
    source: hosted
    version: "1.0.0"
  page_transition:
    dependency: "direct main"
    description:
      name: page_transition
      url: "https://pub.dartlang.org"
    source: hosted
    version: "2.1.0"
=======
      sha256: "03bac4c528c64c95c722ec99280375a6f2fc708eec17c7b3f07253b626cd2a20"
      url: "https://pub.dev"
    source: hosted
    version: "1.0.0"
>>>>>>> de63020cf17c5461bcacb016b0930b6d85cc7ab8
  path:
    dependency: transitive
    description:
      name: path
<<<<<<< HEAD
      url: "https://pub.dartlang.org"
=======
      sha256: db9d4f58c908a4ba5953fcee2ae317c94889433e5024c27ce74a37f94267945b
      url: "https://pub.dev"
>>>>>>> de63020cf17c5461bcacb016b0930b6d85cc7ab8
    source: hosted
    version: "1.8.2"
  path_provider_linux:
    dependency: transitive
    description:
      name: path_provider_linux
<<<<<<< HEAD
      url: "https://pub.dartlang.org"
    source: hosted
    version: "2.2.0"
=======
      sha256: ab0987bf95bc591da42dffb38c77398fc43309f0b9b894dcc5d6f40c4b26c379
      url: "https://pub.dev"
    source: hosted
    version: "2.1.7"
>>>>>>> de63020cf17c5461bcacb016b0930b6d85cc7ab8
  path_provider_platform_interface:
    dependency: transitive
    description:
      name: path_provider_platform_interface
<<<<<<< HEAD
      url: "https://pub.dartlang.org"
    source: hosted
    version: "2.1.0"
=======
      sha256: f0abc8ebd7253741f05488b4813d936b4d07c6bae3e86148a09e342ee4b08e76
      url: "https://pub.dev"
    source: hosted
    version: "2.0.5"
>>>>>>> de63020cf17c5461bcacb016b0930b6d85cc7ab8
  path_provider_windows:
    dependency: transitive
    description:
      name: path_provider_windows
<<<<<<< HEAD
      url: "https://pub.dartlang.org"
    source: hosted
    version: "2.2.0"
=======
      sha256: bcabbe399d4042b8ee687e17548d5d3f527255253b4a639f5f8d2094a9c2b45c
      url: "https://pub.dev"
    source: hosted
    version: "2.1.3"
>>>>>>> de63020cf17c5461bcacb016b0930b6d85cc7ab8
  platform:
    dependency: transitive
    description:
      name: platform
<<<<<<< HEAD
      url: "https://pub.dartlang.org"
    source: hosted
    version: "3.1.1"
=======
      sha256: "4a451831508d7d6ca779f7ac6e212b4023dd5a7d08a27a63da33756410e32b76"
      url: "https://pub.dev"
    source: hosted
    version: "3.1.0"
>>>>>>> de63020cf17c5461bcacb016b0930b6d85cc7ab8
  plugin_platform_interface:
    dependency: transitive
    description:
      name: plugin_platform_interface
<<<<<<< HEAD
      url: "https://pub.dartlang.org"
    source: hosted
    version: "2.1.5"
=======
      sha256: dbf0f707c78beedc9200146ad3cb0ab4d5da13c246336987be6940f026500d3a
      url: "https://pub.dev"
    source: hosted
    version: "2.1.3"
>>>>>>> de63020cf17c5461bcacb016b0930b6d85cc7ab8
  printx:
    dependency: transitive
    description:
      name: printx
<<<<<<< HEAD
      url: "https://pub.dartlang.org"
    source: hosted
    version: "0.0.1"
=======
      sha256: "9216a2deb51e6524c9da569e5122b2fbd1996f15f4935ed627674b79bed794c2"
      url: "https://pub.dev"
    source: hosted
    version: "0.0.1"
  process:
    dependency: transitive
    description:
      name: process
      sha256: "53fd8db9cec1d37b0574e12f07520d582019cb6c44abf5479a01505099a34a09"
      url: "https://pub.dev"
    source: hosted
    version: "4.2.4"
>>>>>>> de63020cf17c5461bcacb016b0930b6d85cc7ab8
  provider:
    dependency: "direct main"
    description:
      name: provider
<<<<<<< HEAD
      url: "https://pub.dartlang.org"
    source: hosted
    version: "6.1.2"
=======
      sha256: cdbe7530b12ecd9eb455bdaa2fcb8d4dad22e80b8afb4798b41479d5ce26847f
      url: "https://pub.dev"
    source: hosted
    version: "6.0.5"
>>>>>>> de63020cf17c5461bcacb016b0930b6d85cc7ab8
  shared_preferences:
    dependency: "direct main"
    description:
      name: shared_preferences
<<<<<<< HEAD
      url: "https://pub.dartlang.org"
    source: hosted
    version: "2.2.0"
=======
      sha256: "5949029e70abe87f75cfe59d17bf5c397619c4b74a099b10116baeb34786fad9"
      url: "https://pub.dev"
    source: hosted
    version: "2.0.17"
>>>>>>> de63020cf17c5461bcacb016b0930b6d85cc7ab8
  shared_preferences_android:
    dependency: transitive
    description:
      name: shared_preferences_android
<<<<<<< HEAD
      url: "https://pub.dartlang.org"
    source: hosted
    version: "2.2.0"
=======
      sha256: "955e9736a12ba776bdd261cf030232b30eadfcd9c79b32a3250dd4a494e8c8f7"
      url: "https://pub.dev"
    source: hosted
    version: "2.0.15"
>>>>>>> de63020cf17c5461bcacb016b0930b6d85cc7ab8
  shared_preferences_foundation:
    dependency: transitive
    description:
      name: shared_preferences_foundation
<<<<<<< HEAD
      url: "https://pub.dartlang.org"
    source: hosted
    version: "2.3.3"
=======
      sha256: "2b55c18636a4edc529fa5cd44c03d3f3100c00513f518c5127c951978efcccd0"
      url: "https://pub.dev"
    source: hosted
    version: "2.1.3"
>>>>>>> de63020cf17c5461bcacb016b0930b6d85cc7ab8
  shared_preferences_linux:
    dependency: transitive
    description:
      name: shared_preferences_linux
<<<<<<< HEAD
      url: "https://pub.dartlang.org"
    source: hosted
    version: "2.3.0"
=======
      sha256: f8ea038aa6da37090093974ebdcf4397010605fd2ff65c37a66f9d28394cb874
      url: "https://pub.dev"
    source: hosted
    version: "2.1.3"
>>>>>>> de63020cf17c5461bcacb016b0930b6d85cc7ab8
  shared_preferences_platform_interface:
    dependency: transitive
    description:
      name: shared_preferences_platform_interface
<<<<<<< HEAD
      url: "https://pub.dartlang.org"
    source: hosted
    version: "2.3.0"
=======
      sha256: da9431745ede5ece47bc26d5d73a9d3c6936ef6945c101a5aca46f62e52c1cf3
      url: "https://pub.dev"
    source: hosted
    version: "2.1.0"
>>>>>>> de63020cf17c5461bcacb016b0930b6d85cc7ab8
  shared_preferences_web:
    dependency: transitive
    description:
      name: shared_preferences_web
<<<<<<< HEAD
      url: "https://pub.dartlang.org"
    source: hosted
    version: "2.2.0"
=======
      sha256: a4b5bc37fe1b368bbc81f953197d55e12f49d0296e7e412dfe2d2d77d6929958
      url: "https://pub.dev"
    source: hosted
    version: "2.0.4"
>>>>>>> de63020cf17c5461bcacb016b0930b6d85cc7ab8
  shared_preferences_windows:
    dependency: transitive
    description:
      name: shared_preferences_windows
<<<<<<< HEAD
      url: "https://pub.dartlang.org"
    source: hosted
    version: "2.3.0"
  simple_gesture_detector:
    dependency: transitive
    description:
      name: simple_gesture_detector
      url: "https://pub.dartlang.org"
    source: hosted
    version: "0.2.1"
=======
      sha256: "5eaf05ae77658d3521d0e993ede1af962d4b326cd2153d312df716dc250f00c9"
      url: "https://pub.dev"
    source: hosted
    version: "2.1.3"
>>>>>>> de63020cf17c5461bcacb016b0930b6d85cc7ab8
  sky_engine:
    dependency: transitive
    description: flutter
    source: sdk
    version: "0.0.99"
  source_span:
    dependency: transitive
    description:
      name: source_span
<<<<<<< HEAD
      url: "https://pub.dartlang.org"
    source: hosted
    version: "1.9.0"
=======
      sha256: dd904f795d4b4f3b870833847c461801f6750a9fa8e61ea5ac53f9422b31f250
      url: "https://pub.dev"
    source: hosted
    version: "1.9.1"
>>>>>>> de63020cf17c5461bcacb016b0930b6d85cc7ab8
  stack_trace:
    dependency: transitive
    description:
      name: stack_trace
<<<<<<< HEAD
      url: "https://pub.dartlang.org"
    source: hosted
    version: "1.10.0"
=======
      sha256: c3c7d8edb15bee7f0f74debd4b9c5f3c2ea86766fe4178eb2a18eb30a0bdaed5
      url: "https://pub.dev"
    source: hosted
    version: "1.11.0"
>>>>>>> de63020cf17c5461bcacb016b0930b6d85cc7ab8
  stream_channel:
    dependency: transitive
    description:
      name: stream_channel
<<<<<<< HEAD
      url: "https://pub.dartlang.org"
    source: hosted
    version: "2.1.0"
=======
      sha256: "83615bee9045c1d322bbbd1ba209b7a749c2cbcdcb3fdd1df8eb488b3279c1c8"
      url: "https://pub.dev"
    source: hosted
    version: "2.1.1"
>>>>>>> de63020cf17c5461bcacb016b0930b6d85cc7ab8
  string_scanner:
    dependency: transitive
    description:
      name: string_scanner
<<<<<<< HEAD
      url: "https://pub.dartlang.org"
    source: hosted
    version: "1.1.1"
  table_calendar:
    dependency: "direct main"
    description:
      name: table_calendar
      url: "https://pub.dartlang.org"
    source: hosted
    version: "3.0.9"
=======
      sha256: "556692adab6cfa87322a115640c11f13cb77b3f076ddcc5d6ae3c20242bedcde"
      url: "https://pub.dev"
    source: hosted
    version: "1.2.0"
>>>>>>> de63020cf17c5461bcacb016b0930b6d85cc7ab8
  term_glyph:
    dependency: transitive
    description:
      name: term_glyph
<<<<<<< HEAD
      url: "https://pub.dartlang.org"
=======
      sha256: a29248a84fbb7c79282b40b8c72a1209db169a2e0542bce341da992fe1bc7e84
      url: "https://pub.dev"
>>>>>>> de63020cf17c5461bcacb016b0930b6d85cc7ab8
    source: hosted
    version: "1.2.1"
  test_api:
    dependency: transitive
    description:
      name: test_api
<<<<<<< HEAD
      url: "https://pub.dartlang.org"
    source: hosted
    version: "0.4.12"
=======
      sha256: ad540f65f92caa91bf21dfc8ffb8c589d6e4dc0c2267818b4cc2792857706206
      url: "https://pub.dev"
    source: hosted
    version: "0.4.16"
>>>>>>> de63020cf17c5461bcacb016b0930b6d85cc7ab8
  typed_data:
    dependency: transitive
    description:
      name: typed_data
<<<<<<< HEAD
      url: "https://pub.dartlang.org"
    source: hosted
    version: "1.3.2"
=======
      sha256: "26f87ade979c47a150c9eaab93ccd2bebe70a27dc0b4b29517f2904f04eb11a5"
      url: "https://pub.dev"
    source: hosted
    version: "1.3.1"
  validate:
    dependency: "direct main"
    description:
      name: validate
      sha256: e454e9357766615ecedd8dc8ffd1e5a80d54f53d5bf878fee9d5143cb0f57f4d
      url: "https://pub.dev"
    source: hosted
    version: "1.7.0"
>>>>>>> de63020cf17c5461bcacb016b0930b6d85cc7ab8
  vector_math:
    dependency: transitive
    description:
      name: vector_math
<<<<<<< HEAD
      url: "https://pub.dartlang.org"
    source: hosted
    version: "2.1.2"
  webview_flutter:
    dependency: "direct main"
    description:
      name: webview_flutter
      url: "https://pub.dartlang.org"
    source: hosted
    version: "4.2.2"
  webview_flutter_android:
    dependency: "direct main"
    description:
      name: webview_flutter_android
      url: "https://pub.dartlang.org"
    source: hosted
    version: "3.9.3"
  webview_flutter_platform_interface:
    dependency: transitive
    description:
      name: webview_flutter_platform_interface
      url: "https://pub.dartlang.org"
    source: hosted
    version: "2.5.0"
  webview_flutter_wkwebview:
    dependency: transitive
    description:
      name: webview_flutter_wkwebview
      url: "https://pub.dartlang.org"
    source: hosted
    version: "3.7.3"
=======
      sha256: "80b3257d1492ce4d091729e3a67a60407d227c27241d6927be0130c98e741803"
      url: "https://pub.dev"
    source: hosted
    version: "2.1.4"
>>>>>>> de63020cf17c5461bcacb016b0930b6d85cc7ab8
  win32:
    dependency: transitive
    description:
      name: win32
<<<<<<< HEAD
      url: "https://pub.dartlang.org"
    source: hosted
    version: "4.1.4"
=======
      sha256: c9ebe7ee4ab0c2194e65d3a07d8c54c5d00bb001b76081c4a04cdb8448b59e46
      url: "https://pub.dev"
    source: hosted
    version: "3.1.3"
>>>>>>> de63020cf17c5461bcacb016b0930b6d85cc7ab8
  xdg_directories:
    dependency: transitive
    description:
      name: xdg_directories
<<<<<<< HEAD
      url: "https://pub.dartlang.org"
    source: hosted
    version: "1.0.2"
sdks:
  dart: ">=2.18.6 <3.0.0"
  flutter: ">=3.3.0"
=======
      sha256: bd512f03919aac5f1313eb8249f223bacf4927031bf60b02601f81f687689e86
      url: "https://pub.dev"
    source: hosted
    version: "0.2.0+3"
sdks:
  dart: ">=2.18.6 <3.0.0"
  flutter: ">=3.0.0"
>>>>>>> de63020cf17c5461bcacb016b0930b6d85cc7ab8
